
Microsoft Visual Studio Solution File, Format Version 12.00
# Visual Studio 2012
Project("{FAE04EC0-301F-11D3-BF4B-00C04F79EFBC}") = "Lista2Exercicio01", "Lista2Exercicio01\Lista2Exercicio01.csproj", "{971C95CD-124E-4F1A-8EF6-F3BD968FEB4E}"
EndProject
Project("{FAE04EC0-301F-11D3-BF4B-00C04F79EFBC}") = "Lista2Exercicio02", "Lista2Exercicio02\Lista2Exercicio02.csproj", "{3FA01063-F8A8-4BC7-AC22-539F336DE028}"
EndProject
Project("{FAE04EC0-301F-11D3-BF4B-00C04F79EFBC}") = "Lista2Exercicio03", "Lista2Exercicio03\Lista2Exercicio03.csproj", "{76EE4D53-8A8C-4E5B-8E12-3A98CAEAD85E}"
EndProject
Project("{FAE04EC0-301F-11D3-BF4B-00C04F79EFBC}") = "Lista2Exercicio04", "Lista2Exercicio04\Lista2Exercicio04.csproj", "{F72A21D5-C380-4525-A6A6-A4D63BEA2B13}"
EndProject
Project("{FAE04EC0-301F-11D3-BF4B-00C04F79EFBC}") = "Lista2Exercicio05", "Lista2Exercicio05\Lista2Exercicio05.csproj", "{B445673D-873B-4F71-92B3-353E9A77BD0E}"
EndProject
Project("{FAE04EC0-301F-11D3-BF4B-00C04F79EFBC}") = "Lista2Exercicio06", "Lista2Exercicio06\Lista2Exercicio06.csproj", "{8984DFC7-70CD-4050-9A10-858A6C804470}"
EndProject
Project("{FAE04EC0-301F-11D3-BF4B-00C04F79EFBC}") = "Lista2Exercicio07", "Lista2Exercicio07\Lista2Exercicio07.csproj", "{469BAB95-8BF7-4357-AD5D-87ED4228F8E2}"
EndProject
Project("{FAE04EC0-301F-11D3-BF4B-00C04F79EFBC}") = "Lista2Exercicio08", "Lista2Exercicio08\Lista2Exercicio08.csproj", "{C21D6619-2BDE-47D4-A63C-3116638FC4E7}"
EndProject
Project("{FAE04EC0-301F-11D3-BF4B-00C04F79EFBC}") = "Lista2Exercicio09", "Lista2Exercicio09\Lista2Exercicio09.csproj", "{277C29DC-3909-46E6-9ADA-882EBE6426DF}"
EndProject
Project("{FAE04EC0-301F-11D3-BF4B-00C04F79EFBC}") = "Lista2Exercicio10", "Lista2Exercicio10\Lista2Exercicio10.csproj", "{18763148-6F84-427B-BAC2-CDA6672603D7}"
EndProject
Project("{FAE04EC0-301F-11D3-BF4B-00C04F79EFBC}") = "Lista2Exercicio11", "Lista2Exercicio11\Lista2Exercicio11.csproj", "{7B19BB8C-4C09-4C01-9658-2DB6E0D7C219}"
EndProject
Project("{FAE04EC0-301F-11D3-BF4B-00C04F79EFBC}") = "Lista3Exercicio01", "Lista3Exercicio01\Lista3Exercicio01.csproj", "{B9F0FD13-6858-4041-8C9E-49BD93894A8A}"
EndProject
Project("{FAE04EC0-301F-11D3-BF4B-00C04F79EFBC}") = "Lista3Exercicio02", "Lista3Exercicio02\Lista3Exercicio02.csproj", "{64BA61A3-71BB-49F8-BD53-A9FEAB37670A}"
EndProject
Project("{FAE04EC0-301F-11D3-BF4B-00C04F79EFBC}") = "Lista3Exercicio03", "Lista3Exercicio03\Lista3Exercicio03.csproj", "{CB604CD3-60DE-4471-A501-563B68DF56E3}"
EndProject
Project("{FAE04EC0-301F-11D3-BF4B-00C04F79EFBC}") = "Lista3Exercicio04", "Lista3Exercicio04\Lista3Exercicio04.csproj", "{32F5EE0D-FF7B-4896-9673-C208CA1AB71D}"
EndProject
Project("{FAE04EC0-301F-11D3-BF4B-00C04F79EFBC}") = "Lista3Exercicio05", "Lista3Exercicio05\Lista3Exercicio05.csproj", "{8A06FBDF-183B-4552-B1E6-45A073C51E3D}"
EndProject
Project("{FAE04EC0-301F-11D3-BF4B-00C04F79EFBC}") = "Lista4Exercicio05", "Lista4Exercicio05\Lista4Exercicio05.csproj", "{304FA15E-A6F2-4122-A7C9-F92514F51ED9}"
EndProject
Project("{FAE04EC0-301F-11D3-BF4B-00C04F79EFBC}") = "Lista4Exercicio06", "Lista4Exercicio06\Lista4Exercicio06.csproj", "{16DD8565-E067-4BB9-B634-A6A29DDF30BD}"
EndProject
Project("{FAE04EC0-301F-11D3-BF4B-00C04F79EFBC}") = "Lista4Exercicio07", "Lista4Exercicio07\Lista4Exercicio07.csproj", "{AD569928-25F9-461A-8D3F-69D2C63CEF2B}"
EndProject
Project("{FAE04EC0-301F-11D3-BF4B-00C04F79EFBC}") = "Lista4Exercicio08", "Lista4Exercicio08\Lista4Exercicio08.csproj", "{B308F627-0F1C-4F78-8F8F-E4918B43A2AF}"
EndProject
Project("{FAE04EC0-301F-11D3-BF4B-00C04F79EFBC}") = "Lista4Exercicio09", "Lista4Exercicio09\Lista4Exercicio09.csproj", "{827DD232-845F-46D6-BCEA-8C78FED3B374}"
EndProject
Project("{FAE04EC0-301F-11D3-BF4B-00C04F79EFBC}") = "Lista4Exercicio10", "Lista4Exercicio10\Lista4Exercicio10.csproj", "{811D22F6-7F08-4A31-BB58-13AF04DE52C7}"
EndProject
Project("{FAE04EC0-301F-11D3-BF4B-00C04F79EFBC}") = "Lista4Exercicio01", "Lista4Exercicio01\Lista4Exercicio01.csproj", "{1F562120-BC10-4FB4-850B-3B3C51F826DB}"
EndProject
Project("{FAE04EC0-301F-11D3-BF4B-00C04F79EFBC}") = "Lista4Exercicio02", "Lista4Exercicio02\Lista4Exercicio02.csproj", "{491BC2CB-DB6E-4788-A068-486D7C270AFD}"
EndProject
Project("{FAE04EC0-301F-11D3-BF4B-00C04F79EFBC}") = "Lista4Exercicio03", "Lista4Exercicio03\Lista4Exercicio03.csproj", "{18E3D8D6-032B-4946-AED0-6A3FE97D3E39}"
EndProject
Project("{FAE04EC0-301F-11D3-BF4B-00C04F79EFBC}") = "Lista4Exercicio04", "Lista4Exercicio04\Lista4Exercicio04.csproj", "{9E80CDD4-37A4-4A26-9488-C2C8C49B2531}"
EndProject
Project("{FAE04EC0-301F-11D3-BF4B-00C04F79EFBC}") = "Lista4Exercicio11", "Lista4Exercicio11\Lista4Exercicio11.csproj", "{9F299392-2BB2-428F-9443-53AAB7098803}"
EndProject
Project("{FAE04EC0-301F-11D3-BF4B-00C04F79EFBC}") = "Lista4Exercicio12", "Lista4Exercicio12\Lista4Exercicio12.csproj", "{00CC7929-1D46-4746-80B9-269FB78EAD52}"
EndProject
Project("{FAE04EC0-301F-11D3-BF4B-00C04F79EFBC}") = "Lista4Exercicio13", "Lista4Exercicio13\Lista4Exercicio13.csproj", "{22D25A47-C053-4D7A-8598-4FFF4C54486C}"
EndProject
Project("{FAE04EC0-301F-11D3-BF4B-00C04F79EFBC}") = "Lista4Exercicio14", "Lista4Exercicio14\Lista4Exercicio14.csproj", "{CAB5A676-D0B5-48DB-A447-7AB9A28A211A}"
EndProject
Project("{FAE04EC0-301F-11D3-BF4B-00C04F79EFBC}") = "Lista4Exercicio15", "Lista4Exercicio15\Lista4Exercicio15.csproj", "{25705BB6-E1D8-44F7-A67D-7CF2F031ACF8}"
EndProject
Project("{FAE04EC0-301F-11D3-BF4B-00C04F79EFBC}") = "Lista4Exercicio16", "Lista4Exercicio16\Lista4Exercicio16.csproj", "{BEFB17D3-EEC1-4708-9ED5-88438FCF48AB}"
EndProject
Project("{FAE04EC0-301F-11D3-BF4B-00C04F79EFBC}") = "Modulo1", "Modulo1\Modulo1.csproj", "{1D79C579-480F-42BD-BE52-5A9F4FAB095C}"
EndProject
Global
	GlobalSection(SolutionConfigurationPlatforms) = preSolution
		Debug|x86 = Debug|x86
		Release|x86 = Release|x86
	EndGlobalSection
	GlobalSection(ProjectConfigurationPlatforms) = postSolution
		{00CC7929-1D46-4746-80B9-269FB78EAD52}.Debug|x86.ActiveCfg = Debug|x86
		{00CC7929-1D46-4746-80B9-269FB78EAD52}.Debug|x86.Build.0 = Debug|x86
		{00CC7929-1D46-4746-80B9-269FB78EAD52}.Release|x86.ActiveCfg = Release|x86
		{00CC7929-1D46-4746-80B9-269FB78EAD52}.Release|x86.Build.0 = Release|x86
		{16DD8565-E067-4BB9-B634-A6A29DDF30BD}.Debug|x86.ActiveCfg = Debug|x86
		{16DD8565-E067-4BB9-B634-A6A29DDF30BD}.Debug|x86.Build.0 = Debug|x86
		{16DD8565-E067-4BB9-B634-A6A29DDF30BD}.Release|x86.ActiveCfg = Release|x86
		{16DD8565-E067-4BB9-B634-A6A29DDF30BD}.Release|x86.Build.0 = Release|x86
		{18763148-6F84-427B-BAC2-CDA6672603D7}.Debug|x86.ActiveCfg = Debug|x86
		{18763148-6F84-427B-BAC2-CDA6672603D7}.Debug|x86.Build.0 = Debug|x86
		{18763148-6F84-427B-BAC2-CDA6672603D7}.Release|x86.ActiveCfg = Release|x86
		{18763148-6F84-427B-BAC2-CDA6672603D7}.Release|x86.Build.0 = Release|x86
		{18E3D8D6-032B-4946-AED0-6A3FE97D3E39}.Debug|x86.ActiveCfg = Debug|x86
		{18E3D8D6-032B-4946-AED0-6A3FE97D3E39}.Debug|x86.Build.0 = Debug|x86
		{18E3D8D6-032B-4946-AED0-6A3FE97D3E39}.Release|x86.ActiveCfg = Release|x86
		{18E3D8D6-032B-4946-AED0-6A3FE97D3E39}.Release|x86.Build.0 = Release|x86
		{1D79C579-480F-42BD-BE52-5A9F4FAB095C}.Debug|x86.ActiveCfg = Debug|x86
		{1D79C579-480F-42BD-BE52-5A9F4FAB095C}.Debug|x86.Build.0 = Debug|x86
		{1D79C579-480F-42BD-BE52-5A9F4FAB095C}.Release|x86.ActiveCfg = Release|x86
		{1D79C579-480F-42BD-BE52-5A9F4FAB095C}.Release|x86.Build.0 = Release|x86
		{1F562120-BC10-4FB4-850B-3B3C51F826DB}.Debug|x86.ActiveCfg = Debug|x86
		{1F562120-BC10-4FB4-850B-3B3C51F826DB}.Debug|x86.Build.0 = Debug|x86
		{1F562120-BC10-4FB4-850B-3B3C51F826DB}.Release|x86.ActiveCfg = Release|x86
		{1F562120-BC10-4FB4-850B-3B3C51F826DB}.Release|x86.Build.0 = Release|x86
		{22D25A47-C053-4D7A-8598-4FFF4C54486C}.Debug|x86.ActiveCfg = Debug|x86
		{22D25A47-C053-4D7A-8598-4FFF4C54486C}.Debug|x86.Build.0 = Debug|x86
		{22D25A47-C053-4D7A-8598-4FFF4C54486C}.Release|x86.ActiveCfg = Release|x86
		{22D25A47-C053-4D7A-8598-4FFF4C54486C}.Release|x86.Build.0 = Release|x86
		{25705BB6-E1D8-44F7-A67D-7CF2F031ACF8}.Debug|x86.ActiveCfg = Debug|x86
		{25705BB6-E1D8-44F7-A67D-7CF2F031ACF8}.Debug|x86.Build.0 = Debug|x86
		{25705BB6-E1D8-44F7-A67D-7CF2F031ACF8}.Release|x86.ActiveCfg = Release|x86
		{25705BB6-E1D8-44F7-A67D-7CF2F031ACF8}.Release|x86.Build.0 = Release|x86
		{277C29DC-3909-46E6-9ADA-882EBE6426DF}.Debug|x86.ActiveCfg = Debug|x86
		{277C29DC-3909-46E6-9ADA-882EBE6426DF}.Debug|x86.Build.0 = Debug|x86
		{277C29DC-3909-46E6-9ADA-882EBE6426DF}.Release|x86.ActiveCfg = Release|x86
		{277C29DC-3909-46E6-9ADA-882EBE6426DF}.Release|x86.Build.0 = Release|x86
		{304FA15E-A6F2-4122-A7C9-F92514F51ED9}.Debug|x86.ActiveCfg = Debug|x86
		{304FA15E-A6F2-4122-A7C9-F92514F51ED9}.Debug|x86.Build.0 = Debug|x86
		{304FA15E-A6F2-4122-A7C9-F92514F51ED9}.Release|x86.ActiveCfg = Release|x86
		{304FA15E-A6F2-4122-A7C9-F92514F51ED9}.Release|x86.Build.0 = Release|x86
		{32F5EE0D-FF7B-4896-9673-C208CA1AB71D}.Debug|x86.ActiveCfg = Debug|x86
		{32F5EE0D-FF7B-4896-9673-C208CA1AB71D}.Debug|x86.Build.0 = Debug|x86
		{32F5EE0D-FF7B-4896-9673-C208CA1AB71D}.Release|x86.ActiveCfg = Release|x86
		{32F5EE0D-FF7B-4896-9673-C208CA1AB71D}.Release|x86.Build.0 = Release|x86
		{3FA01063-F8A8-4BC7-AC22-539F336DE028}.Debug|x86.ActiveCfg = Debug|x86
		{3FA01063-F8A8-4BC7-AC22-539F336DE028}.Debug|x86.Build.0 = Debug|x86
		{3FA01063-F8A8-4BC7-AC22-539F336DE028}.Release|x86.ActiveCfg = Release|x86
		{3FA01063-F8A8-4BC7-AC22-539F336DE028}.Release|x86.Build.0 = Release|x86
		{469BAB95-8BF7-4357-AD5D-87ED4228F8E2}.Debug|x86.ActiveCfg = Debug|x86
		{469BAB95-8BF7-4357-AD5D-87ED4228F8E2}.Debug|x86.Build.0 = Debug|x86
		{469BAB95-8BF7-4357-AD5D-87ED4228F8E2}.Release|x86.ActiveCfg = Release|x86
		{469BAB95-8BF7-4357-AD5D-87ED4228F8E2}.Release|x86.Build.0 = Release|x86
		{491BC2CB-DB6E-4788-A068-486D7C270AFD}.Debug|x86.ActiveCfg = Debug|x86
		{491BC2CB-DB6E-4788-A068-486D7C270AFD}.Debug|x86.Build.0 = Debug|x86
		{491BC2CB-DB6E-4788-A068-486D7C270AFD}.Release|x86.ActiveCfg = Release|x86
		{491BC2CB-DB6E-4788-A068-486D7C270AFD}.Release|x86.Build.0 = Release|x86
		{64BA61A3-71BB-49F8-BD53-A9FEAB37670A}.Debug|x86.ActiveCfg = Debug|x86
		{64BA61A3-71BB-49F8-BD53-A9FEAB37670A}.Debug|x86.Build.0 = Debug|x86
		{64BA61A3-71BB-49F8-BD53-A9FEAB37670A}.Release|x86.ActiveCfg = Release|x86
		{64BA61A3-71BB-49F8-BD53-A9FEAB37670A}.Release|x86.Build.0 = Release|x86
		{76EE4D53-8A8C-4E5B-8E12-3A98CAEAD85E}.Debug|x86.ActiveCfg = Debug|x86
		{76EE4D53-8A8C-4E5B-8E12-3A98CAEAD85E}.Debug|x86.Build.0 = Debug|x86
		{76EE4D53-8A8C-4E5B-8E12-3A98CAEAD85E}.Release|x86.ActiveCfg = Release|x86
		{76EE4D53-8A8C-4E5B-8E12-3A98CAEAD85E}.Release|x86.Build.0 = Release|x86
		{7B19BB8C-4C09-4C01-9658-2DB6E0D7C219}.Debug|x86.ActiveCfg = Debug|x86
		{7B19BB8C-4C09-4C01-9658-2DB6E0D7C219}.Debug|x86.Build.0 = Debug|x86
		{7B19BB8C-4C09-4C01-9658-2DB6E0D7C219}.Release|x86.ActiveCfg = Release|x86
		{7B19BB8C-4C09-4C01-9658-2DB6E0D7C219}.Release|x86.Build.0 = Release|x86
		{811D22F6-7F08-4A31-BB58-13AF04DE52C7}.Debug|x86.ActiveCfg = Debug|x86
		{811D22F6-7F08-4A31-BB58-13AF04DE52C7}.Debug|x86.Build.0 = Debug|x86
		{811D22F6-7F08-4A31-BB58-13AF04DE52C7}.Release|x86.ActiveCfg = Release|x86
		{811D22F6-7F08-4A31-BB58-13AF04DE52C7}.Release|x86.Build.0 = Release|x86
		{827DD232-845F-46D6-BCEA-8C78FED3B374}.Debug|x86.ActiveCfg = Debug|x86
		{827DD232-845F-46D6-BCEA-8C78FED3B374}.Debug|x86.Build.0 = Debug|x86
		{827DD232-845F-46D6-BCEA-8C78FED3B374}.Release|x86.ActiveCfg = Release|x86
		{827DD232-845F-46D6-BCEA-8C78FED3B374}.Release|x86.Build.0 = Release|x86
		{8984DFC7-70CD-4050-9A10-858A6C804470}.Debug|x86.ActiveCfg = Debug|x86
		{8984DFC7-70CD-4050-9A10-858A6C804470}.Debug|x86.Build.0 = Debug|x86
		{8984DFC7-70CD-4050-9A10-858A6C804470}.Release|x86.ActiveCfg = Release|x86
		{8984DFC7-70CD-4050-9A10-858A6C804470}.Release|x86.Build.0 = Release|x86
		{8A06FBDF-183B-4552-B1E6-45A073C51E3D}.Debug|x86.ActiveCfg = Debug|x86
		{8A06FBDF-183B-4552-B1E6-45A073C51E3D}.Debug|x86.Build.0 = Debug|x86
		{8A06FBDF-183B-4552-B1E6-45A073C51E3D}.Release|x86.ActiveCfg = Release|x86
		{8A06FBDF-183B-4552-B1E6-45A073C51E3D}.Release|x86.Build.0 = Release|x86
		{971C95CD-124E-4F1A-8EF6-F3BD968FEB4E}.Debug|x86.ActiveCfg = Debug|x86
		{971C95CD-124E-4F1A-8EF6-F3BD968FEB4E}.Debug|x86.Build.0 = Debug|x86
		{971C95CD-124E-4F1A-8EF6-F3BD968FEB4E}.Release|x86.ActiveCfg = Release|x86
		{971C95CD-124E-4F1A-8EF6-F3BD968FEB4E}.Release|x86.Build.0 = Release|x86
		{9E80CDD4-37A4-4A26-9488-C2C8C49B2531}.Debug|x86.ActiveCfg = Debug|x86
		{9E80CDD4-37A4-4A26-9488-C2C8C49B2531}.Debug|x86.Build.0 = Debug|x86
		{9E80CDD4-37A4-4A26-9488-C2C8C49B2531}.Release|x86.ActiveCfg = Release|x86
		{9E80CDD4-37A4-4A26-9488-C2C8C49B2531}.Release|x86.Build.0 = Release|x86
		{9F299392-2BB2-428F-9443-53AAB7098803}.Debug|x86.ActiveCfg = Debug|x86
		{9F299392-2BB2-428F-9443-53AAB7098803}.Debug|x86.Build.0 = Debug|x86
		{9F299392-2BB2-428F-9443-53AAB7098803}.Release|x86.ActiveCfg = Release|x86
		{9F299392-2BB2-428F-9443-53AAB7098803}.Release|x86.Build.0 = Release|x86
		{AD569928-25F9-461A-8D3F-69D2C63CEF2B}.Debug|x86.ActiveCfg = Debug|x86
		{AD569928-25F9-461A-8D3F-69D2C63CEF2B}.Debug|x86.Build.0 = Debug|x86
		{AD569928-25F9-461A-8D3F-69D2C63CEF2B}.Release|x86.ActiveCfg = Release|x86
		{AD569928-25F9-461A-8D3F-69D2C63CEF2B}.Release|x86.Build.0 = Release|x86
		{B308F627-0F1C-4F78-8F8F-E4918B43A2AF}.Debug|x86.ActiveCfg = Debug|x86
		{B308F627-0F1C-4F78-8F8F-E4918B43A2AF}.Debug|x86.Build.0 = Debug|x86
		{B308F627-0F1C-4F78-8F8F-E4918B43A2AF}.Release|x86.ActiveCfg = Release|x86
		{B308F627-0F1C-4F78-8F8F-E4918B43A2AF}.Release|x86.Build.0 = Release|x86
		{B445673D-873B-4F71-92B3-353E9A77BD0E}.Debug|x86.ActiveCfg = Debug|x86
		{B445673D-873B-4F71-92B3-353E9A77BD0E}.Debug|x86.Build.0 = Debug|x86
		{B445673D-873B-4F71-92B3-353E9A77BD0E}.Release|x86.ActiveCfg = Release|x86
		{B445673D-873B-4F71-92B3-353E9A77BD0E}.Release|x86.Build.0 = Release|x86
		{B9F0FD13-6858-4041-8C9E-49BD93894A8A}.Debug|x86.ActiveCfg = Debug|x86
		{B9F0FD13-6858-4041-8C9E-49BD93894A8A}.Debug|x86.Build.0 = Debug|x86
		{B9F0FD13-6858-4041-8C9E-49BD93894A8A}.Release|x86.ActiveCfg = Release|x86
		{B9F0FD13-6858-4041-8C9E-49BD93894A8A}.Release|x86.Build.0 = Release|x86
		{BEFB17D3-EEC1-4708-9ED5-88438FCF48AB}.Debug|x86.ActiveCfg = Debug|x86
		{BEFB17D3-EEC1-4708-9ED5-88438FCF48AB}.Debug|x86.Build.0 = Debug|x86
		{BEFB17D3-EEC1-4708-9ED5-88438FCF48AB}.Release|x86.ActiveCfg = Release|x86
		{BEFB17D3-EEC1-4708-9ED5-88438FCF48AB}.Release|x86.Build.0 = Release|x86
		{C21D6619-2BDE-47D4-A63C-3116638FC4E7}.Debug|x86.ActiveCfg = Debug|x86
		{C21D6619-2BDE-47D4-A63C-3116638FC4E7}.Debug|x86.Build.0 = Debug|x86
		{C21D6619-2BDE-47D4-A63C-3116638FC4E7}.Release|x86.ActiveCfg = Release|x86
		{C21D6619-2BDE-47D4-A63C-3116638FC4E7}.Release|x86.Build.0 = Release|x86
		{CAB5A676-D0B5-48DB-A447-7AB9A28A211A}.Debug|x86.ActiveCfg = Debug|x86
		{CAB5A676-D0B5-48DB-A447-7AB9A28A211A}.Debug|x86.Build.0 = Debug|x86
		{CAB5A676-D0B5-48DB-A447-7AB9A28A211A}.Release|x86.ActiveCfg = Release|x86
		{CAB5A676-D0B5-48DB-A447-7AB9A28A211A}.Release|x86.Build.0 = Release|x86
		{CB604CD3-60DE-4471-A501-563B68DF56E3}.Debug|x86.ActiveCfg = Debug|x86
		{CB604CD3-60DE-4471-A501-563B68DF56E3}.Debug|x86.Build.0 = Debug|x86
		{CB604CD3-60DE-4471-A501-563B68DF56E3}.Release|x86.ActiveCfg = Release|x86
		{CB604CD3-60DE-4471-A501-563B68DF56E3}.Release|x86.Build.0 = Release|x86
		{F72A21D5-C380-4525-A6A6-A4D63BEA2B13}.Debug|x86.ActiveCfg = Debug|x86
		{F72A21D5-C380-4525-A6A6-A4D63BEA2B13}.Debug|x86.Build.0 = Debug|x86
		{F72A21D5-C380-4525-A6A6-A4D63BEA2B13}.Release|x86.ActiveCfg = Release|x86
		{F72A21D5-C380-4525-A6A6-A4D63BEA2B13}.Release|x86.Build.0 = Release|x86
	EndGlobalSection
EndGlobal
